version = 1
revision = 3
requires-python = "==3.9.*"

[[package]]
name = "annotated-types"
version = "0.7.0"
source = { registry = "https://pypi.org/simple" }
sdist = { url = "https://files.pythonhosted.org/packages/ee/67/531ea369ba64dcff5ec9c3402f9f51bf748cec26dde048a2f973a4eea7f5/annotated_types-0.7.0.tar.gz", hash = "sha256:aff07c09a53a08bc8cfccb9c85b05f1aa9a2a6f23728d790723543408344ce89", size = 16081, upload-time = "2024-05-20T21:33:25.928Z" }
wheels = [
    { url = "https://files.pythonhosted.org/packages/78/b6/6307fbef88d9b5ee7421e68d78a9f162e0da4900bc5f5793f6d3d0e34fb8/annotated_types-0.7.0-py3-none-any.whl", hash = "sha256:1f02e8b43a8fbbc3f3e0d4f0f4bfc8131bcb4eebe8849b8e5c773f3a1c582a53", size = 13643, upload-time = "2024-05-20T21:33:24.1Z" },
]

[[package]]
name = "colorama"
version = "0.4.6"
source = { registry = "https://pypi.org/simple" }
sdist = { url = "https://files.pythonhosted.org/packages/d8/53/6f443c9a4a8358a93a6792e2acffb9d9d5cb0a5cfd8802644b7b1c9a02e4/colorama-0.4.6.tar.gz", hash = "sha256:08695f5cb7ed6e0531a20572697297273c47b8cae5a63ffc6d6ed5c201be6e44", size = 27697, upload-time = "2022-10-25T02:36:22.414Z" }
wheels = [
    { url = "https://files.pythonhosted.org/packages/d1/d6/3965ed04c63042e047cb6a3e6ed1a63a35087b6a609aa3a15ed8ac56c221/colorama-0.4.6-py2.py3-none-any.whl", hash = "sha256:4f1d9991f5acc0ca119f9d443620b77f9d6b33703e51011c16baf57afb285fc6", size = 25335, upload-time = "2022-10-25T02:36:20.889Z" },
]

[[package]]
name = "cytoolz"
version = "1.1.0"
source = { registry = "https://pypi.org/simple" }
dependencies = [
    { name = "toolz" },
]
sdist = { url = "https://files.pythonhosted.org/packages/bd/d4/16916f3dc20a3f5455b63c35dcb260b3716f59ce27a93586804e70e431d5/cytoolz-1.1.0.tar.gz", hash = "sha256:13a7bf254c3c0d28b12e2290b82aed0f0977a4c2a2bf84854fcdc7796a29f3b0", size = 642510, upload-time = "2025-10-19T00:44:56.174Z" }
wheels = [
    { url = "https://files.pythonhosted.org/packages/29/2a/ab01bc8bf611f8b7e7f42c666da585f87e4cdf88334100c86282e610ce78/cytoolz-1.1.0-cp39-cp39-macosx_10_9_universal2.whl", hash = "sha256:08a63935c66488511b7b29b06233be0be5f4123622fc8fd488f28dc1b7e4c164", size = 1311508, upload-time = "2025-10-19T00:44:06.865Z" },
    { url = "https://files.pythonhosted.org/packages/b0/e2/1c327e551bcacb6f9e698ab4cca3174ab179c9722f4bfb6b23d063bc302e/cytoolz-1.1.0-cp39-cp39-macosx_10_9_x86_64.whl", hash = "sha256:93bd0afcc4cc05794507084afaefb161c3639f283ee629bd0e8654b5c0327ba8", size = 987745, upload-time = "2025-10-19T00:44:08.896Z" },
    { url = "https://files.pythonhosted.org/packages/7f/aa/8db92c07623df2497fcd4e8a440f6805f38f2aa0bbd3804ad02c1b838815/cytoolz-1.1.0-cp39-cp39-macosx_11_0_arm64.whl", hash = "sha256:8f3d4da470cfd5cf44f6d682c6eb01363066e0af53ebe111225e44a618f9453d", size = 985001, upload-time = "2025-10-19T00:44:10.845Z" },
    { url = "https://files.pythonhosted.org/packages/20/be/5666749f0edc7e9febd3dea154ee566b493f6334b82bb898911946a7bafb/cytoolz-1.1.0-cp39-cp39-manylinux1_i686.manylinux_2_28_i686.manylinux_2_5_i686.whl", hash = "sha256:ba6c12d0e6a67399f4102b4980f4f1bebdbf226ed0a68e84617709d4009b4e71", size = 2591071, upload-time = "2025-10-19T00:44:12.686Z" },
    { url = "https://files.pythonhosted.org/packages/a2/6b/087063bb786147989224668d84a2292aed8575fae99de9a1398bf86d0994/cytoolz-1.1.0-cp39-cp39-manylinux2014_aarch64.manylinux_2_17_aarch64.manylinux_2_28_aarch64.whl", hash = "sha256:1b557071405b4aeeaa7cbec1a95d15d6c8f37622fe3f4b595311e0e226ce772c", size = 2685359, upload-time = "2025-10-19T00:44:14.451Z" },
    { url = "https://files.pythonhosted.org/packages/e3/05/697867eaf6482c43cc9178480a85c25530956339973b45c2a95d693c05d4/cytoolz-1.1.0-cp39-cp39-manylinux2014_armv7l.manylinux_2_17_armv7l.manylinux_2_31_armv7l.whl", hash = "sha256:cdb406001474726a47fbe903f3aba0de86f5c0b9c9861f55c09c366368225ae0", size = 2557840, upload-time = "2025-10-19T00:44:16.178Z" },
    { url = "https://files.pythonhosted.org/packages/17/12/3b2ac292fdceb06c06f0d1c75974ae501c3634516adc56b1cc489ad90c09/cytoolz-1.1.0-cp39-cp39-manylinux2014_ppc64le.manylinux_2_17_ppc64le.manylinux_2_28_ppc64le.whl", hash = "sha256:b6072876ba56446d9ac29d349983677d6f44c6d1c6c1c6be44e66e377c57c767", size = 2860930, upload-time = "2025-10-19T00:44:18.266Z" },
    { url = "https://files.pythonhosted.org/packages/34/7e/42e0091eb75818685af26be86757d960e85e77cd64d635d215a7ab0da7a9/cytoolz-1.1.0-cp39-cp39-manylinux2014_s390x.manylinux_2_17_s390x.manylinux_2_28_s390x.whl", hash = "sha256:8c3784c965c9a6822d315d099c3a85b0884ac648952815891c667b469116f1d0", size = 2897288, upload-time = "2025-10-19T00:44:20.596Z" },
    { url = "https://files.pythonhosted.org/packages/e0/21/4de96bcca53006340351b7984e89847433fc2fa49c53f7ee7f23ca472eec/cytoolz-1.1.0-cp39-cp39-manylinux2014_x86_64.manylinux_2_17_x86_64.manylinux_2_28_x86_64.whl", hash = "sha256:0cc537ad78981df1a827773069fd3b7774f4478db43f518b1616efaf87d7d8f9", size = 2676100, upload-time = "2025-10-19T00:44:22.659Z" },
    { url = "https://files.pythonhosted.org/packages/39/c9/a47ae408836ddc287ed4edc09f368444047ae2f04b91a4304e7eb9719279/cytoolz-1.1.0-cp39-cp39-manylinux_2_31_riscv64.manylinux_2_39_riscv64.whl", hash = "sha256:574ee9dfdc632db8bf9237f27f2a687d1a0b90d29d5e96cab2b21fd2b419c17d", size = 2517030, upload-time = "2025-10-19T00:44:24.287Z" },
    { url = "https://files.pythonhosted.org/packages/53/27/f0f1d63cd490388cfd83c1a741214d10bad163b8a60c25b905475a06682b/cytoolz-1.1.0-cp39-cp39-musllinux_1_2_aarch64.whl", hash = "sha256:6594efbaea72dc58b368b53e745ad902c8d8cc41286f00b3743ceac464d5ef3f", size = 2603191, upload-time = "2025-10-19T00:44:26.379Z" },
    { url = "https://files.pythonhosted.org/packages/31/5d/80747382712aabb4b49815a37861fe9756dc289b6f0d9c6c2032f734230d/cytoolz-1.1.0-cp39-cp39-musllinux_1_2_armv7l.whl", hash = "sha256:7c849f9ddaf3c7faba938440f9c849235a2908b303063d49da3092a93acd695b", size = 2555442, upload-time = "2025-10-19T00:44:28.335Z" },
    { url = "https://files.pythonhosted.org/packages/f9/53/2464e082ea08f7ab14f896ac4025894e41b54debca630fdb0ab4c4b7faad/cytoolz-1.1.0-cp39-cp39-musllinux_1_2_i686.whl", hash = "sha256:1fef0296fb3577d0a08ad9b70344ee418f728f1ec21a768ffe774437d67ac859", size = 2571366, upload-time = "2025-10-19T00:44:30.399Z" },
    { url = "https://files.pythonhosted.org/packages/f0/2a/e80886c3161f0b0f8a10c09a00332be80d2b48ac6db4c66818e175dc054c/cytoolz-1.1.0-cp39-cp39-musllinux_1_2_ppc64le.whl", hash = "sha256:1dce1e66fdf72cc474367bd7a7f2b90ec67bb8197dc3fe8ecd08f4ce3ab950a1", size = 2763108, upload-time = "2025-10-19T00:44:32.137Z" },
    { url = "https://files.pythonhosted.org/packages/bb/15/d54c5e7c20271cb993d6c8e7d1a3395be458fe4da0b777ec9022fac12835/cytoolz-1.1.0-cp39-cp39-musllinux_1_2_riscv64.whl", hash = "sha256:202fe9975efaec0085cab14a6a6050418bc041f5316f2cf098c0cd2aced4c50e", size = 2511983, upload-time = "2025-10-19T00:44:33.951Z" },
    { url = "https://files.pythonhosted.org/packages/39/90/f0671eaf035c329d08fcb97add01c109bbbc77611532d3d6739f8ee5881f/cytoolz-1.1.0-cp39-cp39-musllinux_1_2_s390x.whl", hash = "sha256:528349434601b9d55e65c6a495494de0001c9a06b431547fea4c60b5edc7d5b3", size = 2747606, upload-time = "2025-10-19T00:44:35.823Z" },
    { url = "https://files.pythonhosted.org/packages/21/f5/b0a1677fc29d6956a7ce41acb366668064e3cf403abfb806d12f3b51e1d5/cytoolz-1.1.0-cp39-cp39-musllinux_1_2_x86_64.whl", hash = "sha256:3e248cdbf2a54bafdadf4486ddd32e8352f816d3caa2014e44de99f8c525d4a8", size = 2611184, upload-time = "2025-10-19T00:44:37.588Z" },
    { url = "https://files.pythonhosted.org/packages/05/08/4ea17cbcec7ded897384f3a37144ce6b9bfef1bf599211e097ae3cde00c3/cytoolz-1.1.0-cp39-cp39-win32.whl", hash = "sha256:e63f2b70f4654648a5c6a176ae80897c0de6401f385540dce8e365019e800cfe", size = 901158, upload-time = "2025-10-19T00:44:39.27Z" },
    { url = "https://files.pythonhosted.org/packages/5d/f5/75d66b5ed3d131825f86c9b730576eee9b74928ac745d0c7ba0b0f88da48/cytoolz-1.1.0-cp39-cp39-win_amd64.whl", hash = "sha256:f731c53ed29959f105ae622b62e39603c207ed8e8cb2a40cd4accb63d9f92901", size = 946226, upload-time = "2025-10-19T00:44:40.931Z" },
    { url = "https://files.pythonhosted.org/packages/75/2f/fe71e80d067054ac2ba57d5a40c049d382ff90d2ded74ce18f6f69933ed0/cytoolz-1.1.0-cp39-cp39-win_arm64.whl", hash = "sha256:5a2120bf9e6e8f25e1b32748424a5571e319ef03a995a8fde663fd2feec1a696", size = 905864, upload-time = "2025-10-19T00:44:42.743Z" },
]

[[package]]
name = "eth-hash"
version = "0.7.1"
source = { registry = "https://pypi.org/simple" }
sdist = { url = "https://files.pythonhosted.org/packages/ee/38/577b7bc9380ef9dff0f1dffefe0c9a1ded2385e7a06c306fd95afb6f9451/eth_hash-0.7.1.tar.gz", hash = "sha256:d2411a403a0b0a62e8247b4117932d900ffb4c8c64b15f92620547ca5ce46be5", size = 12227, upload-time = "2025-01-13T21:29:21.765Z" }
wheels = [
    { url = "https://files.pythonhosted.org/packages/eb/db/f8775490669d28aca24871c67dd56b3e72105cb3bcae9a4ec65dd70859b3/eth_hash-0.7.1-py3-none-any.whl", hash = "sha256:0fb1add2adf99ef28883fd6228eb447ef519ea72933535ad1a0b28c6f65f868a", size = 8028, upload-time = "2025-01-13T21:29:19.365Z" },
]

[[package]]
name = "eth-typing"
version = "5.2.1"
source = { registry = "https://pypi.org/simple" }
dependencies = [
    { name = "typing-extensions" },
]
sdist = { url = "https://files.pythonhosted.org/packages/60/54/62aa24b9cc708f06316167ee71c362779c8ed21fc8234a5cd94a8f53b623/eth_typing-5.2.1.tar.gz", hash = "sha256:7557300dbf02a93c70fa44af352b5c4a58f94e997a0fd6797fb7d1c29d9538ee", size = 21806, upload-time = "2025-04-14T20:39:28.217Z" }
wheels = [
    { url = "https://files.pythonhosted.org/packages/30/72/c370bbe4c53da7bf998d3523f5a0f38867654923a82192df88d0705013d3/eth_typing-5.2.1-py3-none-any.whl", hash = "sha256:b0c2812ff978267563b80e9d701f487dd926f1d376d674f3b535cfe28b665d3d", size = 19163, upload-time = "2025-04-14T20:39:26.571Z" },
]

[[package]]
name = "eth-utils"
version = "5.3.1"
source = { registry = "https://pypi.org/simple" }
dependencies = [
    { name = "cytoolz", marker = "implementation_name == 'cpython'" },
    { name = "eth-hash" },
    { name = "eth-typing" },
    { name = "pydantic" },
    { name = "toolz", marker = "implementation_name == 'pypy'" },
]
sdist = { url = "https://files.pythonhosted.org/packages/e6/e1/ee3a8728227c3558853e63ff35bd4c449abdf5022a19601369400deacd39/eth_utils-5.3.1.tar.gz", hash = "sha256:c94e2d2abd024a9a42023b4ddc1c645814ff3d6a737b33d5cfd890ebf159c2d1", size = 123506, upload-time = "2025-08-27T16:37:17.378Z" }
wheels = [
    { url = "https://files.pythonhosted.org/packages/bf/4d/257cdc01ada430b8e84b9f2385c2553f33218f5b47da9adf0a616308d4b7/eth_utils-5.3.1-py3-none-any.whl", hash = "sha256:1f5476d8f29588d25b8ae4987e1ffdfae6d4c09026e476c4aad13b32dda3ead0", size = 102529, upload-time = "2025-08-27T16:37:15.449Z" },
]

[[package]]
name = "exceptiongroup"
version = "1.3.1"
source = { registry = "https://pypi.org/simple" }
dependencies = [
    { name = "typing-extensions" },
]
sdist = { url = "https://files.pythonhosted.org/packages/50/79/66800aadf48771f6b62f7eb014e352e5d06856655206165d775e675a02c9/exceptiongroup-1.3.1.tar.gz", hash = "sha256:8b412432c6055b0b7d14c310000ae93352ed6754f70fa8f7c34141f91c4e3219", size = 30371, upload-time = "2025-11-21T23:01:54.787Z" }
wheels = [
    { url = "https://files.pythonhosted.org/packages/8a/0e/97c33bf5009bdbac74fd2beace167cab3f978feb69cc36f1ef79360d6c4e/exceptiongroup-1.3.1-py3-none-any.whl", hash = "sha256:a7a39a3bd276781e98394987d3a5701d0c4edffb633bb7a5144577f82c773598", size = 16740, upload-time = "2025-11-21T23:01:53.443Z" },
]

[[package]]
name = "galois"
version = "0.4.11"
source = { registry = "https://pypi.org/simple" }
dependencies = [
    { name = "numba" },
    { name = "numpy" },
    { name = "typing-extensions" },
]
sdist = { url = "https://files.pythonhosted.org/packages/08/84/996f1c4a7e8fe973a7f8e4d7901e125a91d0abb62615e35076ff47e9383a/galois-0.4.11.tar.gz", hash = "sha256:f5055546c4b39d1e36decae9d4f21f3d66d9c6c7c9aec39189cb5d2284e9022f", size = 7402587, upload-time = "2026-05-02T18:21:28.615Z" }
wheels = [
    { url = "https://files.pythonhosted.org/packages/05/89/dc69acbd34bde07b9dee9f9f88d7ce61ff97fd99d6d576d72d2db1461349/galois-0.4.11-py3-none-any.whl", hash = "sha256:d2e12a2b7fd44b108cc15d7de27dabcb8a98a556ea2c69c94fe695139629d9aa", size = 4197346, upload-time = "2026-05-02T18:21:26.868Z" },
]

[[package]]
name = "iniconfig"
version = "2.1.0"
source = { registry = "https://pypi.org/simple" }
sdist = { url = "https://files.pythonhosted.org/packages/f2/97/ebf4da567aa6827c909642694d71c9fcf53e5b504f2d96afea02718862f3/iniconfig-2.1.0.tar.gz", hash = "sha256:3abbd2e30b36733fee78f9c7f7308f2d0050e88f0087fd25c2645f63c773e1c7", size = 4793, upload-time = "2025-03-19T20:09:59.721Z" }
wheels = [
    { url = "https://files.pythonhosted.org/packages/2c/e1/e6716421ea10d38022b952c159d5161ca1193197fb744506875fbb87ea7b/iniconfig-2.1.0-py3-none-any.whl", hash = "sha256:9deba5723312380e77435581c6bf4935c94cbfab9b1ed33ef8d238ea168eb760", size = 6050, upload-time = "2025-03-19T20:10:01.071Z" },
]

[[package]]
name = "llvmlite"
version = "0.43.0"
source = { registry = "https://pypi.org/simple" }
sdist = { url = "https://files.pythonhosted.org/packages/9f/3d/f513755f285db51ab363a53e898b85562e950f79a2e6767a364530c2f645/llvmlite-0.43.0.tar.gz", hash = "sha256:ae2b5b5c3ef67354824fb75517c8db5fbe93bc02cd9671f3c62271626bc041d5", size = 157069, upload-time = "2024-06-13T18:09:32.641Z" }
wheels = [
    { url = "https://files.pythonhosted.org/packages/2a/73/12925b1bbb3c2beb6d96f892ef5b4d742c34f00ddb9f4a125e9e87b22f52/llvmlite-0.43.0-cp39-cp39-macosx_10_9_x86_64.whl", hash = "sha256:9cd2a7376f7b3367019b664c21f0c61766219faa3b03731113ead75107f3b66c", size = 31064410, upload-time = "2024-06-13T18:09:14.091Z" },
    { url = "https://files.pythonhosted.org/packages/cc/61/58c70aa0808a8cba825a7d98cc65bef4801b99328fba80837bfcb5fc767f/llvmlite-0.43.0-cp39-cp39-macosx_11_0_arm64.whl", hash = "sha256:18e9953c748b105668487b7c81a3e97b046d8abf95c4ddc0cd3c94f4e4651ae8", size = 28793145, upload-time = "2024-06-13T18:09:17.531Z" },
    { url = "https://files.pythonhosted.org/packages/c8/c6/9324eb5de2ba9d99cbed853d85ba7a318652a48e077797bec27cf40f911d/llvmlite-0.43.0-cp39-cp39-manylinux_2_17_aarch64.manylinux2014_aarch64.whl", hash = "sha256:74937acd22dc11b33946b67dca7680e6d103d6e90eeaaaf932603bec6fe7b03a", size = 42857276, upload-time = "2024-06-13T18:09:21.377Z" },
    { url = "https://files.pythonhosted.org/packages/e0/d0/889e9705107db7b1ec0767b03f15d7b95b4c4f9fdf91928ab1c7e9ffacf6/llvmlite-0.43.0-cp39-cp39-manylinux_2_17_x86_64.manylinux2014_x86_64.whl", hash = "sha256:bc9efc739cc6ed760f795806f67889923f7274276f0eb45092a1473e40d9b867", size = 43871777, upload-time = "2024-06-13T18:09:25.76Z" },
    { url = "https://files.pythonhosted.org/packages/df/41/73cc26a2634b538cfe813f618c91e7e9960b8c163f8f0c94a2b0f008b9da/llvmlite-0.43.0-cp39-cp39-win_amd64.whl", hash = "sha256:47e147cdda9037f94b399bf03bfd8a6b6b1f2f90be94a454e3386f006455a9b4", size = 28123489, upload-time = "2024-06-13T18:09:29.78Z" },
]

[[package]]
name = "numba"
version = "0.60.0"
source = { registry = "https://pypi.org/simple" }
dependencies = [
    { name = "llvmlite" },
    { name = "numpy" },
]
sdist = { url = "https://files.pythonhosted.org/packages/3c/93/2849300a9184775ba274aba6f82f303343669b0592b7bb0849ea713dabb0/numba-0.60.0.tar.gz", hash = "sha256:5df6158e5584eece5fc83294b949fd30b9f1125df7708862205217e068aabf16", size = 2702171, upload-time = "2024-06-13T18:11:19.869Z" }
wheels = [
    { url = "https://files.pythonhosted.org/packages/68/1a/87c53f836cdf557083248c3f47212271f220280ff766538795e77c8c6bbf/numba-0.60.0-cp39-cp39-macosx_10_9_x86_64.whl", hash = "sha256:01ef4cd7d83abe087d644eaa3d95831b777aa21d441a23703d649e06b8e06b74", size = 2647186, upload-time = "2024-06-13T18:11:06.753Z" },
    { url = "https://files.pythonhosted.org/packages/28/14/a5baa1f2edea7b49afa4dc1bb1b126645198cf1075186853b5b497be826e/numba-0.60.0-cp39-cp39-macosx_11_0_arm64.whl", hash = "sha256:819a3dfd4630d95fd574036f99e47212a1af41cbcb019bf8afac63ff56834449", size = 2650038, upload-time = "2024-06-13T18:11:10.869Z" },
    { url = "https://files.pythonhosted.org/packages/3b/bd/f1985719ff34e37e07bb18f9d3acd17e5a21da255f550c8eae031e2ddf5f/numba-0.60.0-cp39-cp39-manylinux2014_aarch64.manylinux_2_17_aarch64.whl", hash = "sha256:0b983bd6ad82fe868493012487f34eae8bf7dd94654951404114f23c3466d34b", size = 3403010, upload-time = "2024-06-13T18:11:13.057Z" },
    { url = "https://files.pythonhosted.org/packages/54/9b/cd73d3f6617ddc8398a63ef97d8dc9139a9879b9ca8a7ca4b8789056ea46/numba-0.60.0-cp39-cp39-manylinux2014_x86_64.manylinux_2_17_x86_64.whl", hash = "sha256:c151748cd269ddeab66334bd754817ffc0cabd9433acb0f551697e5151917d25", size = 3695086, upload-time = "2024-06-13T18:11:15.497Z" },
    { url = "https://files.pythonhosted.org/packages/01/01/8b7b670c77c5ea0e47e283d82332969bf672ab6410d0b2610cac5b7a3ded/numba-0.60.0-cp39-cp39-win_amd64.whl", hash = "sha256:3031547a015710140e8c87226b4cfe927cac199835e5bf7d4fe5cb64e814e3ab", size = 2686978, upload-time = "2024-06-13T18:11:17.765Z" },
]

[[package]]
name = "numpy"
version = "2.0.2"
source = { registry = "https://pypi.org/simple" }
sdist = { url = "https://files.pythonhosted.org/packages/a9/75/10dd1f8116a8b796cb2c737b674e02d02e80454bda953fa7e65d8c12b016/numpy-2.0.2.tar.gz", hash = "sha256:883c987dee1880e2a864ab0dc9892292582510604156762362d9326444636e78", size = 18902015, upload-time = "2024-08-26T20:19:40.945Z" }
wheels = [
    { url = "https://files.pythonhosted.org/packages/43/c1/41c8f6df3162b0c6ffd4437d729115704bd43363de0090c7f913cfbc2d89/numpy-2.0.2-cp39-cp39-macosx_10_9_x86_64.whl", hash = "sha256:9059e10581ce4093f735ed23f3b9d283b9d517ff46009ddd485f1747eb22653c", size = 21169942, upload-time = "2024-08-26T20:14:40.108Z" },
    { url = "https://files.pythonhosted.org/packages/39/bc/fd298f308dcd232b56a4031fd6ddf11c43f9917fbc937e53762f7b5a3bb1/numpy-2.0.2-cp39-cp39-macosx_11_0_arm64.whl", hash = "sha256:423e89b23490805d2a5a96fe40ec507407b8ee786d66f7328be214f9679df6dd", size = 13711512, upload-time = "2024-08-26T20:15:00.985Z" },
    { url = "https://files.pythonhosted.org/packages/96/ff/06d1aa3eeb1c614eda245c1ba4fb88c483bee6520d361641331872ac4b82/numpy-2.0.2-cp39-cp39-macosx_14_0_arm64.whl", hash = "sha256:2b2955fa6f11907cf7a70dab0d0755159bca87755e831e47932367fc8f2f2d0b", size = 5306976, upload-time = "2024-08-26T20:15:10.876Z" },
    { url = "https://files.pythonhosted.org/packages/2d/98/121996dcfb10a6087a05e54453e28e58694a7db62c5a5a29cee14c6e047b/numpy-2.0.2-cp39-cp39-macosx_14_0_x86_64.whl", hash = "sha256:97032a27bd9d8988b9a97a8c4d2c9f2c15a81f61e2f21404d7e8ef00cb5be729", size = 6906494, upload-time = "2024-08-26T20:15:22.055Z" },
    { url = "https://files.pythonhosted.org/packages/15/31/9dffc70da6b9bbf7968f6551967fc21156207366272c2a40b4ed6008dc9b/numpy-2.0.2-cp39-cp39-manylinux_2_17_aarch64.manylinux2014_aarch64.whl", hash = "sha256:1e795a8be3ddbac43274f18588329c72939870a16cae810c2b73461c40718ab1", size = 13912596, upload-time = "2024-08-26T20:15:42.452Z" },
    { url = "https://files.pythonhosted.org/packages/b9/14/78635daab4b07c0930c919d451b8bf8c164774e6a3413aed04a6d95758ce/numpy-2.0.2-cp39-cp39-manylinux_2_17_x86_64.manylinux2014_x86_64.whl", hash = "sha256:f26b258c385842546006213344c50655ff1555a9338e2e5e02a0756dc3e803dd", size = 19526099, upload-time = "2024-08-26T20:16:11.048Z" },
    { url = "https://files.pythonhosted.org/packages/26/4c/0eeca4614003077f68bfe7aac8b7496f04221865b3a5e7cb230c9d055afd/numpy-2.0.2-cp39-cp39-musllinux_1_1_x86_64.whl", hash = "sha256:5fec9451a7789926bcf7c2b8d187292c9f93ea30284802a0ab3f5be8ab36865d", size = 19932823, upload-time = "2024-08-26T20:16:40.171Z" },
    { url = "https://files.pythonhosted.org/packages/f1/46/ea25b98b13dccaebddf1a803f8c748680d972e00507cd9bc6dcdb5aa2ac1/numpy-2.0.2-cp39-cp39-musllinux_1_2_aarch64.whl", hash = "sha256:9189427407d88ff25ecf8f12469d4d39d35bee1db5d39fc5c168c6f088a6956d", size = 14404424, upload-time = "2024-08-26T20:17:02.604Z" },
    { url = "https://files.pythonhosted.org/packages/c8/a6/177dd88d95ecf07e722d21008b1b40e681a929eb9e329684d449c36586b2/numpy-2.0.2-cp39-cp39-win32.whl", hash = "sha256:905d16e0c60200656500c95b6b8dca5d109e23cb24abc701d41c02d74c6b3afa", size = 6476809, upload-time = "2024-08-26T20:17:13.553Z" },
    { url = "https://files.pythonhosted.org/packages/ea/2b/7fc9f4e7ae5b507c1a3a21f0f15ed03e794c1242ea8a242ac158beb56034/numpy-2.0.2-cp39-cp39-win_amd64.whl", hash = "sha256:a3f4ab0caa7f053f6797fcd4e1e25caee367db3112ef2b6ef82d749530768c73", size = 15911314, upload-time = "2024-08-26T20:17:36.72Z" },
    { url = "https://files.pythonhosted.org/packages/8f/3b/df5a870ac6a3be3a86856ce195ef42eec7ae50d2a202be1f5a4b3b340e14/numpy-2.0.2-pp39-pypy39_pp73-macosx_10_9_x86_64.whl", hash = "sha256:7f0a0c6f12e07fa94133c8a67404322845220c06a9e80e85999afe727f7438b8", size = 21025288, upload-time = "2024-08-26T20:18:07.732Z" },
    { url = "https://files.pythonhosted.org/packages/2c/97/51af92f18d6f6f2d9ad8b482a99fb74e142d71372da5d834b3a2747a446e/numpy-2.0.2-pp39-pypy39_pp73-macosx_14_0_x86_64.whl", hash = "sha256:312950fdd060354350ed123c0e25a71327d3711584beaef30cdaa93320c392d4", size = 6762793, upload-time = "2024-08-26T20:18:19.125Z" },
    { url = "https://files.pythonhosted.org/packages/12/46/de1fbd0c1b5ccaa7f9a005b66761533e2f6a3e560096682683a223631fe9/numpy-2.0.2-pp39-pypy39_pp73-manylinux_2_17_x86_64.manylinux2014_x86_64.whl", hash = "sha256:26df23238872200f63518dd2aa984cfca675d82469535dc7162dc2ee52d9dd5c", size = 19334885, upload-time = "2024-08-26T20:18:47.237Z" },
    { url = "https://files.pythonhosted.org/packages/cc/dc/d330a6faefd92b446ec0f0dfea4c3207bb1fef3c4771d19cf4543efd2c78/numpy-2.0.2-pp39-pypy39_pp73-win_amd64.whl", hash = "sha256:a46288ec55ebbd58947d31d72be2c63cbf839f0a63b49cb755022310792a3385", size = 15828784, upload-time = "2024-08-26T20:19:11.19Z" },
]

[[package]]
name = "packaging"
version = "26.2"
source = { registry = "https://pypi.org/simple" }
sdist = { url = "https://files.pythonhosted.org/packages/d7/f1/e7a6dd94a8d4a5626c03e4e99c87f241ba9e350cd9e6d75123f992427270/packaging-26.2.tar.gz", hash = "sha256:ff452ff5a3e828ce110190feff1178bb1f2ea2281fa2075aadb987c2fb221661", size = 228134, upload-time = "2026-04-24T20:15:23.917Z" }
wheels = [
    { url = "https://files.pythonhosted.org/packages/df/b2/87e62e8c3e2f4b32e5fe99e0b86d576da1312593b39f47d8ceef365e95ed/packaging-26.2-py3-none-any.whl", hash = "sha256:5fc45236b9446107ff2415ce77c807cee2862cb6fac22b8a73826d0693b0980e", size = 100195, upload-time = "2026-04-24T20:15:22.081Z" },
]

[[package]]
name = "plonk-py"
version = "0.1.0"
source = { virtual = "." }
dependencies = [
    { name = "galois" },
    { name = "numpy" },
    { name = "py-ecc" },
    { name = "scipy" },
]

[package.dev-dependencies]
dev = [
    { name = "pytest" },
    { name = "ruff" },
]

[package.metadata]
requires-dist = [
    { name = "galois" },
    { name = "numpy" },
    { name = "py-ecc" },
    { name = "scipy" },
]

[package.metadata.requires-dev]
dev = [
    { name = "pytest" },
    { name = "ruff" },
]

[[package]]
name = "pluggy"
version = "1.6.0"
source = { registry = "https://pypi.org/simple" }
sdist = { url = "https://files.pythonhosted.org/packages/f9/e2/3e91f31a7d2b083fe6ef3fa267035b518369d9511ffab804f839851d2779/pluggy-1.6.0.tar.gz", hash = "sha256:7dcc130b76258d33b90f61b658791dede3486c3e6bfb003ee5c9bfb396dd22f3", size = 69412, upload-time = "2025-05-15T12:30:07.975Z" }
wheels = [
    { url = "https://files.pythonhosted.org/packages/54/20/4d324d65cc6d9205fabedc306948156824eb9f0ee1633355a8f7ec5c66bf/pluggy-1.6.0-py3-none-any.whl", hash = "sha256:e920276dd6813095e9377c0bc5566d94c932c33b27a3e3945d8389c374dd4746", size = 20538, upload-time = "2025-05-15T12:30:06.134Z" },
]

[[package]]
name = "py-ecc"
version = "8.0.0"
source = { registry = "https://pypi.org/simple" }
dependencies = [
    { name = "eth-typing" },
    { name = "eth-utils" },
]
sdist = { url = "https://files.pythonhosted.org/packages/1c/96/e73075d5c885274efada2fbc5db6377022036c2f5b4b470dbcf4106e07d5/py_ecc-8.0.0.tar.gz", hash = "sha256:56aca19e5dc37294f60c1cc76666c03c2276e7666412b9a559fa0145d099933d", size = 51193, upload-time = "2025-04-14T16:14:03.29Z" }
wheels = [
    { url = "https://files.pythonhosted.org/packages/81/58/383335eac96d2f1aba78741c6ce128c54e7eba2ea1dc47408257d751d35c/py_ecc-8.0.0-py3-none-any.whl", hash = "sha256:c0b2dfc4bde67a55122a392591a10e851a986d5128f680628c80b405f7663e13", size = 47814, upload-time = "2025-04-14T16:14:01.827Z" },
]

[[package]]
name = "pydantic"
version = "2.13.3"
source = { registry = "https://pypi.org/simple" }
dependencies = [
    { name = "annotated-types" },
    { name = "pydantic-core" },
    { name = "typing-extensions" },
    { name = "typing-inspection" },
]
sdist = { url = "https://files.pythonhosted.org/packages/d9/e4/40d09941a2cebcb20609b86a559817d5b9291c49dd6f8c87e5feffbe703a/pydantic-2.13.3.tar.gz", hash = "sha256:af09e9d1d09f4e7fe37145c1f577e1d61ceb9a41924bf0094a36506285d0a84d", size = 844068, upload-time = "2026-04-20T14:46:43.632Z" }
wheels = [
    { url = "https://files.pythonhosted.org/packages/f3/0a/fd7d723f8f8153418fb40cf9c940e82004fce7e987026b08a68a36dd3fe7/pydantic-2.13.3-py3-none-any.whl", hash = "sha256:6db14ac8dfc9a1e57f87ea2c0de670c251240f43cb0c30a5130e9720dc612927", size = 471981, upload-time = "2026-04-20T14:46:41.402Z" },
]

[[package]]
name = "pydantic-core"
version = "2.46.3"
source = { registry = "https://pypi.org/simple" }
dependencies = [
    { name = "typing-extensions" },
]
sdist = { url = "https://files.pythonhosted.org/packages/2a/ef/f7abb56c49382a246fd2ce9c799691e3c3e7175ec74b14d99e798bcddb1a/pydantic_core-2.46.3.tar.gz", hash = "sha256:41c178f65b8c29807239d47e6050262eb6bf84eb695e41101e62e38df4a5bc2c", size = 471412, upload-time = "2026-04-20T14:40:56.672Z" }
wheels = [
    { url = "https://files.pythonhosted.org/packages/31/75/c1ee7cb5b2277fe1f95837a58fb692eeda7162494fc1ddccb5f23be1d7f6/pydantic_core-2.46.3-cp39-cp39-macosx_10_12_x86_64.whl", hash = "sha256:fa3eb7c2995aa443687a825bc30395c8521b7c6ec201966e55debfd1128bcceb", size = 2112012, upload-time = "2026-04-20T14:44:35.697Z" },
    { url = "https://files.pythonhosted.org/packages/6b/da/fb883281703dc5f4d68cdc648c503c46c8af5726f428013178d657c75181/pydantic_core-2.46.3-cp39-cp39-macosx_11_0_arm64.whl", hash = "sha256:3d08782c4045f90724b44c95d35ebec0d67edb8a957a2ac81d5a8e4b8a200495", size = 1953006, upload-time = "2026-04-20T14:43:33.878Z" },
    { url = "https://files.pythonhosted.org/packages/92/47/5d7d7d04204920771086d768ca51306e34b63a31ad80a5f82c9d38dea568/pydantic_core-2.46.3-cp39-cp39-manylinux_2_17_aarch64.manylinux2014_aarch64.whl", hash = "sha256:831eb19aa789a97356979e94c981e5667759301fb708d1c0d5adf1bc0098b873", size = 1980050, upload-time = "2026-04-20T14:41:03.154Z" },
    { url = "https://files.pythonhosted.org/packages/e0/e9/1c52019dd95babcff1bffe40022e8541c0447b8e4a44596a979c7309fa0c/pydantic_core-2.46.3-cp39-cp39-manylinux_2_17_armv7l.manylinux2014_armv7l.whl", hash = "sha256:4335e87c7afa436a0dfa899e138d57a72f8aad542e2cf19c36fb428461caabd0", size = 2057165, upload-time = "2026-04-20T14:43:44.507Z" },
    { url = "https://files.pythonhosted.org/packages/6f/0e/e0aac1f35baf80ff8f35d4fa58d85dce248324a764d950460cf5c0569758/pydantic_core-2.46.3-cp39-cp39-manylinux_2_17_ppc64le.manylinux2014_ppc64le.whl", hash = "sha256:99421e7684a60f7f3550a1d159ade5fdff1954baedb6bdd407cba6a307c9f27d", size = 2225133, upload-time = "2026-04-20T14:41:07.334Z" },
    { url = "https://files.pythonhosted.org/packages/d5/df/8eb296b9661574ef26e990856991615c1e1fb1744a10b896bff684a3c99a/pydantic_core-2.46.3-cp39-cp39-manylinux_2_17_s390x.manylinux2014_s390x.whl", hash = "sha256:dd81f6907932ebac3abbe41378dac64b2380db1287e2aa64d8d88f78d170f51a", size = 2282409, upload-time = "2026-04-20T14:43:07.567Z" },
    { url = "https://files.pythonhosted.org/packages/d2/07/888c53b769be71072a1dbd741ec25160579d789ef276fd5bd2045a07b09a/pydantic_core-2.46.3-cp39-cp39-manylinux_2_17_x86_64.manylinux2014_x86_64.whl", hash = "sha256:9f247596366f4221af52beddd65af1218797771d6989bc891a0b86ccaa019168", size = 2095775, upload-time = "2026-04-20T14:42:21.586Z" },
    { url = "https://files.pythonhosted.org/packages/8a/19/6c32bdb93362b899bf92ac42c824898ab93dd8a23f339cbf5c5098ef61a6/pydantic_core-2.46.3-cp39-cp39-manylinux_2_31_riscv64.whl", hash = "sha256:6dff8cc884679df229ebc6d8eb2321ea6f8e091bc7d4886d4dc2e0e71452843c", size = 2118999, upload-time = "2026-04-20T14:44:43.791Z" },
    { url = "https://files.pythonhosted.org/packages/6b/c6/31d926d003f59a032ff61b62990e378f0fb985aa9d77fd448a6140f7eb5f/pydantic_core-2.46.3-cp39-cp39-manylinux_2_5_i686.manylinux1_i686.whl", hash = "sha256:68ef2f623dda6d5a9067ac014e406c020c780b2a358930a7e5c1b73702900720", size = 2162368, upload-time = "2026-04-20T14:41:12.529Z" },
    { url = "https://files.pythonhosted.org/packages/4f/a1/48d669051947845ff54f5b7cb6254ccafb23aa284184de6f273145d0e45b/pydantic_core-2.46.3-cp39-cp39-musllinux_1_1_aarch64.whl", hash = "sha256:d56bdb4af1767cc15b0386b3c581fdfe659bb9ee4a4f776e92c1cd9d074000d6", size = 2184786, upload-time = "2026-04-20T14:42:40.235Z" },
    { url = "https://files.pythonhosted.org/packages/08/ff/a722cade3d4bd8ed6433a8e84eddf2f993b5fb4a47cade269289cfb4cc0c/pydantic_core-2.46.3-cp39-cp39-musllinux_1_1_armv7l.whl", hash = "sha256:91249bcb7c165c2fb2a2f852dbc5c91636e2e218e75d96dfdd517e4078e173dd", size = 2325626, upload-time = "2026-04-20T14:41:37.73Z" },
    { url = "https://files.pythonhosted.org/packages/ad/8a/238e33805d6f3691bcce8739db7d0376a2388e1b3f2c8db2128f6683fc78/pydantic_core-2.46.3-cp39-cp39-musllinux_1_1_x86_64.whl", hash = "sha256:4b068543bdb707f5d935dab765d99227aa2545ef2820935f2e5dd801795c7dbd", size = 2363286, upload-time = "2026-04-20T14:42:29.385Z" },
    { url = "https://files.pythonhosted.org/packages/ad/2e/ab044f4431798a565242d5e8e48d080faa931f45e3d30df62e4f501d9bb0/pydantic_core-2.46.3-cp39-cp39-win32.whl", hash = "sha256:dcda6583921c05a40533f982321532f2d8db29326c7b95c4026941fa5074bd79", size = 1981660, upload-time = "2026-04-20T14:43:54.525Z" },
    { url = "https://files.pythonhosted.org/packages/d0/2c/13855786276f51fe86915c0533f4fc14e1d5421726ba8ad57caa09eb18ec/pydantic_core-2.46.3-cp39-cp39-win_amd64.whl", hash = "sha256:a35cc284c8dd7edae8a31533713b4d2467dfe7c4f1b5587dd4031f28f90d1d13", size = 2078793, upload-time = "2026-04-20T14:42:17.87Z" },
]

[[package]]
name = "pygments"
version = "2.20.0"
source = { registry = "https://pypi.org/simple" }
sdist = { url = "https://files.pythonhosted.org/packages/c3/b2/bc9c9196916376152d655522fdcebac55e66de6603a76a02bca1b6414f6c/pygments-2.20.0.tar.gz", hash = "sha256:6757cd03768053ff99f3039c1a36d6c0aa0b263438fcab17520b30a303a82b5f", size = 4955991, upload-time = "2026-03-29T13:29:33.898Z" }
wheels = [
    { url = "https://files.pythonhosted.org/packages/f4/7e/a72dd26f3b0f4f2bf1dd8923c85f7ceb43172af56d63c7383eb62b332364/pygments-2.20.0-py3-none-any.whl", hash = "sha256:81a9e26dd42fd28a23a2d169d86d7ac03b46e2f8b59ed4698fb4785f946d0176", size = 1231151, upload-time = "2026-03-29T13:29:30.038Z" },
]

[[package]]
name = "pytest"
version = "8.4.2"
source = { registry = "https://pypi.org/simple" }
dependencies = [
    { name = "colorama", marker = "sys_platform == 'win32'" },
    { name = "exceptiongroup" },
    { name = "iniconfig" },
    { name = "packaging" },
    { name = "pluggy" },
    { name = "pygments" },
    { name = "tomli" },
]
sdist = { url = "https://files.pythonhosted.org/packages/a3/5c/00a0e072241553e1a7496d638deababa67c5058571567b92a7eaa258397c/pytest-8.4.2.tar.gz", hash = "sha256:86c0d0b93306b961d58d62a4db4879f27fe25513d4b969df351abdddb3c30e01", size = 1519618, upload-time = "2025-09-04T14:34:22.711Z" }
wheels = [
    { url = "https://files.pythonhosted.org/packages/a8/a4/20da314d277121d6534b3a980b29035dcd51e6744bd79075a6ce8fa4eb8d/pytest-8.4.2-py3-none-any.whl", hash = "sha256:872f880de3fc3a5bdc88a11b39c9710c3497a547cfa9320bc3c5e62fbf272e79", size = 365750, upload-time = "2025-09-04T14:34:20.226Z" },
]

[[package]]
name = "ruff"
version = "0.15.12"
source = { registry = "https://pypi.org/simple" }
sdist = { url = "https://files.pythonhosted.org/packages/99/43/3291f1cc9106f4c63bdce7a8d0df5047fe8422a75b091c16b5e9355e0b11/ruff-0.15.12.tar.gz", hash = "sha256:ecea26adb26b4232c0c2ca19ccbc0083a68344180bba2a600605538ce51a40a6", size = 4643852, upload-time = "2026-04-24T18:17:14.305Z" }
wheels = [
    { url = "https://files.pythonhosted.org/packages/c3/6e/e78ffb61d4686f3d96ba3df2c801161843746dcbcbb17a1e927d4829312b/ruff-0.15.12-py3-none-linux_armv6l.whl", hash = "sha256:f86f176e188e94d6bdbc09f09bfd9dc729059ad93d0e7390b5a73efe19f8861c", size = 10640713, upload-time = "2026-04-24T18:17:22.841Z" },
    { url = "https://files.pythonhosted.org/packages/ae/08/a317bc231fb9e7b93e4ef3089501e51922ff88d6936ce5cf870c4fe55419/ruff-0.15.12-py3-none-macosx_10_12_x86_64.whl", hash = "sha256:e3bcd123364c3770b8e1b7baaf343cc99a35f197c5c6e8af79015c666c423a6c", size = 11069267, upload-time = "2026-04-24T18:17:30.105Z" },
    { url = "https://files.pythonhosted.org/packages/aa/a4/f828e9718d3dce1f5f11c39c4f65afd32783c8b2aebb2e3d259e492c47bd/ruff-0.15.12-py3-none-macosx_11_0_arm64.whl", hash = "sha256:fe87510d000220aa1ed530d4448a7c696a0cae1213e5ec30e5874287b66557b5", size = 10397182, upload-time = "2026-04-24T18:17:07.177Z" },
    { url = "https://files.pythonhosted.org/packages/71/e0/3310fc6d1b5e1fdea22bf3b1b807c7e187b581021b0d7d4514cccdb5fb71/ruff-0.15.12-py3-none-manylinux_2_17_aarch64.manylinux2014_aarch64.whl", hash = "sha256:84a1630093121375a3e2a95b4a6dc7b59e2b4ee76216e32d81aae550a832d002", size = 10758012, upload-time = "2026-04-24T18:16:55.759Z" },
    { url = "https://files.pythonhosted.org/packages/11/c1/a606911aee04c324ddaa883ae418f3569792fd3c4a10c50e0dd0a2311e1e/ruff-0.15.12-py3-none-manylinux_2_17_armv7l.manylinux2014_armv7l.whl", hash = "sha256:fb129f40f114f089ebe0ca56c0d251cf2061b17651d464bb6478dc01e69f11f5", size = 10447479, upload-time = "2026-04-24T18:16:51.677Z" },
    { url = "https://files.pythonhosted.org/packages/9d/68/4201e8444f0894f21ab4aeeaee68aa4f10b51613514a20d80bd628d57e88/ruff-0.15.12-py3-none-manylinux_2_17_i686.manylinux2014_i686.whl", hash = "sha256:b0c862b172d695db7598426b8af465e7e9ac00a3ea2a3630ee67eb82e366aaa6", size = 11234040, upload-time = "2026-04-24T18:17:16.529Z" },
    { url = "https://files.pythonhosted.org/packages/34/ff/8a6d6cf4ccc23fd67060874e832c18919d1557a0611ebef03fdb01fff11e/ruff-0.15.12-py3-none-manylinux_2_17_ppc64le.manylinux2014_ppc64le.whl", hash = "sha256:2849ea9f3484c3aca43a82f484210370319e7170df4dfe4843395ddf6c57bc33", size = 12087377, upload-time = "2026-04-24T18:17:04.944Z" },
    { url = "https://files.pythonhosted.org/packages/85/f6/c669cf73f5152f623d34e69866a46d5e6185816b19fcd5b6dd8a2d299922/ruff-0.15.12-py3-none-manylinux_2_17_s390x.manylinux2014_s390x.whl", hash = "sha256:9e77c7e51c07fe396826d5969a5b846d9cd4c402535835fb6e21ce8b28fef847", size = 11367784, upload-time = "2026-04-24T18:17:25.409Z" },
    { url = "https://files.pythonhosted.org/packages/e8/39/c61d193b8a1daaa8977f7dea9e8d8ba866e02ea7b65d32f6861693aa4c12/ruff-0.15.12-py3-none-manylinux_2_17_x86_64.manylinux2014_x86_64.whl", hash = "sha256:83b2f4f2f3b1026b5fb449b467d9264bf22067b600f7b6f41fc5958909f449d0", size = 11344088, upload-time = "2026-04-24T18:17:12.258Z" },
    { url = "https://files.pythonhosted.org/packages/c2/8d/49afab3645e31e12c590acb6d3b5b69d7aab5b81926dbaf7461f9441f37a/ruff-0.15.12-py3-none-manylinux_2_31_riscv64.whl", hash = "sha256:9ba3b8f1afd7e2e43d8943e55f249e13f9682fde09711644a6e7290eb4f3e339", size = 11271770, upload-time = "2026-04-24T18:17:02.457Z" },
    { url = "https://files.pythonhosted.org/packages/46/06/33f41fe94403e2b755481cdfb9b7ef3e4e0ed031c4581124658d935d52b4/ruff-0.15.12-py3-none-musllinux_1_2_aarch64.whl", hash = "sha256:e852ba9fdc890655e1d78f2df1499efbe0e54126bd405362154a75e2bde159c5", size = 10719355, upload-time = "2026-04-24T18:17:27.648Z" },
    { url = "https://files.pythonhosted.org/packages/0d/59/18aa4e014debbf559670e4048e39260a85c7fcee84acfd761ac01e7b8d35/ruff-0.15.12-py3-none-musllinux_1_2_armv7l.whl", hash = "sha256:dd8aed930da53780d22fc70bdf84452c843cf64f8cb4eb38984319c24c5cd5fd", size = 10462758, upload-time = "2026-04-24T18:17:32.347Z" },
    { url = "https://files.pythonhosted.org/packages/25/e7/cc9f16fd0f3b5fddcbd7ec3d6ae30c8f3fde1047f32a4093a98d633c6570/ruff-0.15.12-py3-none-musllinux_1_2_i686.whl", hash = "sha256:01da3988d225628b709493d7dc67c3b9b12c0210016b08690ef9bd27970b262b", size = 10953498, upload-time = "2026-04-24T18:17:20.674Z" },
    { url = "https://files.pythonhosted.org/packages/72/7a/a9ba7f98c7a575978698f4230c5e8cc54bbc761af34f560818f933dafa0c/ruff-0.15.12-py3-none-musllinux_1_2_x86_64.whl", hash = "sha256:9cae0f92bd5700d1213188b31cd3bdd2b315361296d10b96b8e2337d3d11f53e", size = 11447765, upload-time = "2026-04-24T18:17:09.755Z" },
    { url = "https://files.pythonhosted.org/packages/ea/f9/0ae446942c846b8266059ad8a30702a35afae55f5cdc54c5adf8d7afdc27/ruff-0.15.12-py3-none-win32.whl", hash = "sha256:d0185894e038d7043ba8fd6aee7499ece6462dc0ea9f1e260c7451807c714c20", size = 10657277, upload-time = "2026-04-24T18:17:18.591Z" },
    { url = "https://files.pythonhosted.org/packages/33/f1/9614e03e1cdcbf9437570b5400ced8a720b5db22b28d8e0f1bda429f660d/ruff-0.15.12-py3-none-win_amd64.whl", hash = "sha256:c87a162d61ab3adca47c03f7f717c68672edec7d1b5499e652331780fe74950d", size = 11837758, upload-time = "2026-04-24T18:17:00.113Z" },
    { url = "https://files.pythonhosted.org/packages/c0/98/6beb4b351e472e5f4c4613f7c35a5290b8be2497e183825310c4c3a3984b/ruff-0.15.12-py3-none-win_arm64.whl", hash = "sha256:a538f7a82d061cee7be55542aca1d86d1393d55d81d4fcc314370f4340930d4f", size = 11120821, upload-time = "2026-04-24T18:16:57.979Z" },
]

[[package]]
name = "scipy"
version = "1.13.1"
source = { registry = "https://pypi.org/simple" }
dependencies = [
    { name = "numpy" },
]
sdist = { url = "https://files.pythonhosted.org/packages/ae/00/48c2f661e2816ccf2ecd77982f6605b2950afe60f60a52b4cbbc2504aa8f/scipy-1.13.1.tar.gz", hash = "sha256:095a87a0312b08dfd6a6155cbbd310a8c51800fc931b8c0b84003014b874ed3c", size = 57210720, upload-time = "2024-05-23T03:29:26.079Z" }
wheels = [
    { url = "https://files.pythonhosted.org/packages/7f/29/c2ea58c9731b9ecb30b6738113a95d147e83922986b34c685b8f6eefde21/scipy-1.13.1-cp39-cp39-macosx_10_9_x86_64.whl", hash = "sha256:436bbb42a94a8aeef855d755ce5a465479c721e9d684de76bf61a62e7c2b81d5", size = 39352927, upload-time = "2024-05-23T03:21:01.95Z" },
    { url = "https://files.pythonhosted.org/packages/5c/c0/e71b94b20ccf9effb38d7147c0064c08c622309fd487b1b677771a97d18c/scipy-1.13.1-cp39-cp39-macosx_12_0_arm64.whl", hash = "sha256:8335549ebbca860c52bf3d02f80784e91a004b71b059e3eea9678ba994796a24", size = 30324538, upload-time = "2024-05-23T03:21:07.634Z" },
    { url = "https://files.pythonhosted.org/packages/6d/0f/aaa55b06d474817cea311e7b10aab2ea1fd5d43bc6a2861ccc9caec9f418/scipy-1.13.1-cp39-cp39-manylinux_2_17_aarch64.manylinux2014_aarch64.whl", hash = "sha256:d533654b7d221a6a97304ab63c41c96473ff04459e404b83275b60aa8f4b7004", size = 33732190, upload-time = "2024-05-23T03:21:14.41Z" },
    { url = "https://files.pythonhosted.org/packages/35/f5/d0ad1a96f80962ba65e2ce1de6a1e59edecd1f0a7b55990ed208848012e0/scipy-1.13.1-cp39-cp39-manylinux_2_17_x86_64.manylinux2014_x86_64.whl", hash = "sha256:637e98dcf185ba7f8e663e122ebf908c4702420477ae52a04f9908707456ba4d", size = 38612244, upload-time = "2024-05-23T03:21:21.827Z" },
    { url = "https://files.pythonhosted.org/packages/8d/02/1165905f14962174e6569076bcc3315809ae1291ed14de6448cc151eedfd/scipy-1.13.1-cp39-cp39-musllinux_1_1_x86_64.whl", hash = "sha256:a014c2b3697bde71724244f63de2476925596c24285c7a637364761f8710891c", size = 38845637, upload-time = "2024-05-23T03:21:28.729Z" },
    { url = "https://files.pythonhosted.org/packages/3e/77/dab54fe647a08ee4253963bcd8f9cf17509c8ca64d6335141422fe2e2114/scipy-1.13.1-cp39-cp39-win_amd64.whl", hash = "sha256:392e4ec766654852c25ebad4f64e4e584cf19820b980bc04960bca0b0cd6eaa2", size = 46227440, upload-time = "2024-05-23T03:21:35.888Z" },
]

[[package]]
name = "tomli"
version = "2.4.1"
source = { registry = "https://pypi.org/simple" }
sdist = { url = "https://files.pythonhosted.org/packages/22/de/48c59722572767841493b26183a0d1cc411d54fd759c5607c4590b6563a6/tomli-2.4.1.tar.gz", hash = "sha256:7c7e1a961a0b2f2472c1ac5b69affa0ae1132c39adcb67aba98568702b9cc23f", size = 17543, upload-time = "2026-03-25T20:22:03.828Z" }
wheels = [
    { url = "https://files.pythonhosted.org/packages/7b/61/cceae43728b7de99d9b847560c262873a1f6c98202171fd5ed62640b494b/tomli-2.4.1-py3-none-any.whl", hash = "sha256:0d85819802132122da43cb86656f8d1f8c6587d54ae7dcaf30e90533028b49fe", size = 14583, upload-time = "2026-03-25T20:22:03.012Z" },
]

[[package]]
name = "toolz"
version = "1.1.0"
source = { registry = "https://pypi.org/simple" }
sdist = { url = "https://files.pythonhosted.org/packages/11/d6/114b492226588d6ff54579d95847662fc69196bdeec318eb45393b24c192/toolz-1.1.0.tar.gz", hash = "sha256:27a5c770d068c110d9ed9323f24f1543e83b2f300a687b7891c1a6d56b697b5b", size = 52613, upload-time = "2025-10-17T04:03:21.661Z" }
wheels = [
    { url = "https://files.pythonhosted.org/packages/fb/12/5911ae3eeec47800503a238d971e51722ccea5feb8569b735184d5fcdbc0/toolz-1.1.0-py3-none-any.whl", hash = "sha256:15ccc861ac51c53696de0a5d6d4607f99c210739caf987b5d2054f3efed429d8", size = 58093, upload-time = "2025-10-17T04:03:20.435Z" },
]

[[package]]
name = "typing-extensions"
version = "4.15.0"
source = { registry = "https://pypi.org/simple" }
sdist = { url = "https://files.pythonhosted.org/packages/72/94/1a15dd82efb362ac84269196e94cf00f187f7ed21c242792a923cdb1c61f/typing_extensions-4.15.0.tar.gz", hash = "sha256:0cea48d173cc12fa28ecabc3b837ea3cf6f38c6d1136f85cbaaf598984861466", size = 109391, upload-time = "2025-08-25T13:49:26.313Z" }
wheels = [
    { url = "https://files.pythonhosted.org/packages/18/67/36e9267722cc04a6b9f15c7f3441c2363321a3ea07da7ae0c0707beb2a9c/typing_extensions-4.15.0-py3-none-any.whl", hash = "sha256:f0fa19c6845758ab08074a0cfa8b7aecb71c999ca73d62883bc25cc018c4e548", size = 44614, upload-time = "2025-08-25T13:49:24.86Z" },
]

[[package]]
name = "typing-inspection"
version = "0.4.2"
source = { registry = "https://pypi.org/simple" }
dependencies = [
    { name = "typing-extensions" },
]
sdist = { url = "https://files.pythonhosted.org/packages/55/e3/70399cb7dd41c10ac53367ae42139cf4b1ca5f36bb3dc6c9d33acdb43655/typing_inspection-0.4.2.tar.gz", hash = "sha256:ba561c48a67c5958007083d386c3295464928b01faa735ab8547c5692e87f464", size = 75949, upload-time = "2025-10-01T02:14:41.687Z" }
wheels = [
    { url = "https://files.pythonhosted.org/packages/dc/9b/47798a6c91d8bdb567fe2698fe81e0c6b7cb7ef4d13da4114b41d239f65d/typing_inspection-0.4.2-py3-none-any.whl", hash = "sha256:4ed1cacbdc298c220f1bd249ed5287caa16f34d44ef4e9c3d0cbad5b521545e7", size = 14611, upload-time = "2025-10-01T02:14:40.154Z" },
]
